
Microsoft Visual Studio Solution File, Format Version 12.00
# Visual Studio Version 17
VisualStudioVersion = 17.5.002.0
MinimumVisualStudioVersion = 10.0.40219.1
Project("{9A19103F-16F7-4668-BE54-9A1E7A4F7556}") = "www", "www.csproj", "{4FB73F5C-3885-45DA-BC96-D4481D8A58DC}"
EndProject
Global
	GlobalSection(SolutionConfigurationPlatforms) = preSolution
		Debug|Any CPU = Debug|Any CPU
		Release|Any CPU = Release|Any CPU
	EndGlobalSection
	GlobalSection(ProjectConfigurationPlatforms) = postSolution
		{4FB73F5C-3885-45DA-BC96-D4481D8A58DC}.Debug|Any CPU.ActiveCfg = Debug|Any CPU
		{4FB73F5C-3885-45DA-BC96-D4481D8A58DC}.Debug|Any CPU.Build.0 = Debug|Any CPU
		{4FB73F5C-3885-45DA-BC96-D4481D8A58DC}.Release|Any CPU.ActiveCfg = Release|Any CPU
		{4FB73F5C-3885-45DA-BC96-D4481D8A58DC}.Release|Any CPU.Build.0 = Release|Any CPU
	EndGlobalSection
	GlobalSection(SolutionProperties) = preSolution
		HideSolutionNode = FALSE
	EndGlobalSection
	GlobalSection(ExtensibilityGlobals) = postSolution
		SolutionGuid = {84754D1F-CD5D-47D7-AB87-32CAB84F0082}
	EndGlobalSection
EndGlobal
